
Microsoft Visual Studio Solution File, Format Version 12.00
# Visual Studio Version 17
VisualStudioVersion = 17.14.36414.22 d17.14
MinimumVisualStudioVersion = 10.0.40219.1
Project("{FAE04EC0-301F-11D3-BF4B-00C04F79EFBC}") = "ProgramLogika", "ProgramLogika\ProgramLogika.csproj", "{23671C28-119A-4AA9-BBB9-ADE8B016486C}"
EndProject
Global
	GlobalSection(SolutionConfigurationPlatforms) = preSolution
		Debug|Any CPU = Debug|Any CPU
		Release|Any CPU = Release|Any CPU
	EndGlobalSection
	GlobalSection(ProjectConfigurationPlatforms) = postSolution
		{23671C28-119A-4AA9-BBB9-ADE8B016486C}.Debug|Any CPU.ActiveCfg = Debug|Any CPU
		{23671C28-119A-4AA9-BBB9-ADE8B016486C}.Debug|Any CPU.Build.0 = Debug|Any CPU
		{23671C28-119A-4AA9-BBB9-ADE8B016486C}.Release|Any CPU.ActiveCfg = Release|Any CPU
		{23671C28-119A-4AA9-BBB9-ADE8B016486C}.Release|Any CPU.Build.0 = Release|Any CPU
	EndGlobalSection
	GlobalSection(SolutionProperties) = preSolution
		HideSolutionNode = FALSE
	EndGlobalSection
	GlobalSection(ExtensibilityGlobals) = postSolution
		SolutionGuid = {25CFCB20-AF2D-4FB6-BF0A-B86B0D001426}
	EndGlobalSection
EndGlobal
