
Microsoft Visual Studio Solution File, Format Version 12.00
# Visual Studio Version 17
VisualStudioVersion = 17.14.36414.22 d17.14
MinimumVisualStudioVersion = 10.0.40219.1
Project("{FAE04EC0-301F-11D3-BF4B-00C04F79EFBC}") = "AritmatikaPengurangan", "AritmatikaPengurangan\AritmatikaPengurangan.csproj", "{78894D56-46B4-4969-B7C4-6CCF1B106648}"
EndProject
Global
	GlobalSection(SolutionConfigurationPlatforms) = preSolution
		Debug|Any CPU = Debug|Any CPU
		Release|Any CPU = Release|Any CPU
	EndGlobalSection
	GlobalSection(ProjectConfigurationPlatforms) = postSolution
		{78894D56-46B4-4969-B7C4-6CCF1B106648}.Debug|Any CPU.ActiveCfg = Debug|Any CPU
		{78894D56-46B4-4969-B7C4-6CCF1B106648}.Debug|Any CPU.Build.0 = Debug|Any CPU
		{78894D56-46B4-4969-B7C4-6CCF1B106648}.Release|Any CPU.ActiveCfg = Release|Any CPU
		{78894D56-46B4-4969-B7C4-6CCF1B106648}.Release|Any CPU.Build.0 = Release|Any CPU
	EndGlobalSection
	GlobalSection(SolutionProperties) = preSolution
		HideSolutionNode = FALSE
	EndGlobalSection
	GlobalSection(ExtensibilityGlobals) = postSolution
		SolutionGuid = {C4E6D0DC-14CD-4DE6-815A-4524F8182105}
	EndGlobalSection
EndGlobal
